{
  "name": "mmm-gpsd",
  "version": "1.0.0",
  "lockfileVersion": 2,
  "requires": true,
  "packages": {
    "": {
      "name": "mmm-gpsd",
      "version": "1.0.0",
      "license": "MIT",
      "dependencies": {
        "node-gpsd": "^0.3.2"
      }
    },
    "node_modules/node-gpsd": {
      "version": "0.3.2",
      "resolved": "https://registry.npmjs.org/node-gpsd/-/node-gpsd-0.3.2.tgz",
      "integrity": "sha512-N2pKdX0ftwaZXf1eRPMRuOpOr4GuwlCRyYAlRWdmJgzb14JxHL3Uc4GUGtyXQ9RIMP+xi65BT2eR4/CJXErcrA==",
      "engines": {
        "node": ">=v0.8.0"
      }
    }
  },
  "dependencies": {
    "node-gpsd": {
      "version": "0.3.2",
      "resolved": "https://registry.npmjs.org/node-gpsd/-/node-gpsd-0.3.2.tgz",
      "integrity": "sha512-N2pKdX0ftwaZXf1eRPMRuOpOr4GuwlCRyYAlRWdmJgzb14JxHL3Uc4GUGtyXQ9RIMP+xi65BT2eR4/CJXErcrA=="
    }
  }
}
